
Microsoft Visual Studio Solution File, Format Version 12.00
# Visual Studio Version 16
VisualStudioVersion = 16.0.29728.190
MinimumVisualStudioVersion = 10.0.40219.1
Project("{9A19103F-16F7-4668-BE54-9A1E7A4F7556}") = "PayTell.ChessMoves.Library", "PayTell.ChessMoves.Library\PayTell.ChessMoves.Library.csproj", "{0795DF14-90E0-4AF4-A76F-9A146FB95668}"
EndProject
Project("{FAE04EC0-301F-11D3-BF4B-00C04F79EFBC}") = "PayTell.ChessMoves.Console", "PayTell.ChessMoves.Console\PayTell.ChessMoves.Console.csproj", "{7149CD41-5ECC-4597-8119-30DD9C02D730}"
EndProject
Global
	GlobalSection(SolutionConfigurationPlatforms) = preSolution
		Debug|Any CPU = Debug|Any CPU
		Release|Any CPU = Release|Any CPU
	EndGlobalSection
	GlobalSection(ProjectConfigurationPlatforms) = postSolution
		{0795DF14-90E0-4AF4-A76F-9A146FB95668}.Debug|Any CPU.ActiveCfg = Debug|Any CPU
		{0795DF14-90E0-4AF4-A76F-9A146FB95668}.Debug|Any CPU.Build.0 = Debug|Any CPU
		{0795DF14-90E0-4AF4-A76F-9A146FB95668}.Release|Any CPU.ActiveCfg = Release|Any CPU
		{0795DF14-90E0-4AF4-A76F-9A146FB95668}.Release|Any CPU.Build.0 = Release|Any CPU
		{7149CD41-5ECC-4597-8119-30DD9C02D730}.Debug|Any CPU.ActiveCfg = Debug|Any CPU
		{7149CD41-5ECC-4597-8119-30DD9C02D730}.Debug|Any CPU.Build.0 = Debug|Any CPU
		{7149CD41-5ECC-4597-8119-30DD9C02D730}.Release|Any CPU.ActiveCfg = Release|Any CPU
		{7149CD41-5ECC-4597-8119-30DD9C02D730}.Release|Any CPU.Build.0 = Release|Any CPU
	EndGlobalSection
	GlobalSection(SolutionProperties) = preSolution
		HideSolutionNode = FALSE
	EndGlobalSection
	GlobalSection(ExtensibilityGlobals) = postSolution
		SolutionGuid = {3A5FFE30-A950-4888-8734-585F95084B46}
	EndGlobalSection
EndGlobal
