
Microsoft Visual Studio Solution File, Format Version 12.00
# Visual Studio Version 16
VisualStudioVersion = 16.0.29728.190
MinimumVisualStudioVersion = 10.0.40219.1
Project("{9A19103F-16F7-4668-BE54-9A1E7A4F7556}") = "PayTel.ChessMoves.Library", "PayTell.ChessMoves.Library\PayTel.ChessMoves.Library.csproj", "{0795DF14-90E0-4AF4-A76F-9A146FB95668}"
EndProject
Project("{9A19103F-16F7-4668-BE54-9A1E7A4F7556}") = "PayTel.ChessMoves.Tests", "PayTel.ChessMoves.Tests\PayTel.ChessMoves.Tests.csproj", "{23EC8D09-2670-43FB-A395-E37E9BAC42CF}"
EndProject
Project("{9A19103F-16F7-4668-BE54-9A1E7A4F7556}") = "PayTel.ChessMoves.Console", "PayTell.ChessMoves.Console\PayTel.ChessMoves.Console.csproj", "{4E7EC44E-F0CB-41BF-9D53-6799BA2E260D}"
EndProject
Project("{9A19103F-16F7-4668-BE54-9A1E7A4F7556}") = "PayTel.ChessMoves.API", "PayTell.ChessMoves.API\PayTel.ChessMoves.API.csproj", "{CCE628EC-E095-40BC-8B79-4988F42AACEE}"
EndProject
Global
	GlobalSection(SolutionConfigurationPlatforms) = preSolution
		Debug|Any CPU = Debug|Any CPU
		Release|Any CPU = Release|Any CPU
	EndGlobalSection
	GlobalSection(ProjectConfigurationPlatforms) = postSolution
		{0795DF14-90E0-4AF4-A76F-9A146FB95668}.Debug|Any CPU.ActiveCfg = Debug|Any CPU
		{0795DF14-90E0-4AF4-A76F-9A146FB95668}.Debug|Any CPU.Build.0 = Debug|Any CPU
		{0795DF14-90E0-4AF4-A76F-9A146FB95668}.Release|Any CPU.ActiveCfg = Release|Any CPU
		{0795DF14-90E0-4AF4-A76F-9A146FB95668}.Release|Any CPU.Build.0 = Release|Any CPU
		{23EC8D09-2670-43FB-A395-E37E9BAC42CF}.Debug|Any CPU.ActiveCfg = Debug|Any CPU
		{23EC8D09-2670-43FB-A395-E37E9BAC42CF}.Debug|Any CPU.Build.0 = Debug|Any CPU
		{23EC8D09-2670-43FB-A395-E37E9BAC42CF}.Release|Any CPU.ActiveCfg = Release|Any CPU
		{23EC8D09-2670-43FB-A395-E37E9BAC42CF}.Release|Any CPU.Build.0 = Release|Any CPU
		{4E7EC44E-F0CB-41BF-9D53-6799BA2E260D}.Debug|Any CPU.ActiveCfg = Debug|Any CPU
		{4E7EC44E-F0CB-41BF-9D53-6799BA2E260D}.Debug|Any CPU.Build.0 = Debug|Any CPU
		{4E7EC44E-F0CB-41BF-9D53-6799BA2E260D}.Release|Any CPU.ActiveCfg = Release|Any CPU
		{4E7EC44E-F0CB-41BF-9D53-6799BA2E260D}.Release|Any CPU.Build.0 = Release|Any CPU
		{CCE628EC-E095-40BC-8B79-4988F42AACEE}.Debug|Any CPU.ActiveCfg = Debug|Any CPU
		{CCE628EC-E095-40BC-8B79-4988F42AACEE}.Debug|Any CPU.Build.0 = Debug|Any CPU
		{CCE628EC-E095-40BC-8B79-4988F42AACEE}.Release|Any CPU.ActiveCfg = Release|Any CPU
		{CCE628EC-E095-40BC-8B79-4988F42AACEE}.Release|Any CPU.Build.0 = Release|Any CPU
	EndGlobalSection
	GlobalSection(SolutionProperties) = preSolution
		HideSolutionNode = FALSE
	EndGlobalSection
	GlobalSection(ExtensibilityGlobals) = postSolution
		SolutionGuid = {3A5FFE30-A950-4888-8734-585F95084B46}
	EndGlobalSection
EndGlobal
